
Microsoft Visual Studio Solution File, Format Version 12.00
# Visual Studio 15
VisualStudioVersion = 15.0.27130.2036
MinimumVisualStudioVersion = 10.0.40219.1
Project("{2150E333-8FDC-42A3-9474-1A3956D46DE8}") = "Engine", "Engine", "{E84BD1E8-8B40-4883-9C44-DA35EC2ACD32}"
EndProject
Project("{2150E333-8FDC-42A3-9474-1A3956D46DE8}") = "Games", "Games", "{7E9B8CDF-7C02-4B73-BCDE-A190DFAA7AC8}"
EndProject
Project("{8BC9CEB8-8B4A-11D0-8D11-00A0C91BC942}") = "UE4", "Intermediate\ProjectFiles\UE4.vcxproj", "{A8FEEB71-5236-4417-BF6F-BB3DD4CFD5D5}"
EndProject
Project("{8BC9CEB8-8B4A-11D0-8D11-00A0C91BC942}") = "YeeYeeBo", "Intermediate\ProjectFiles\YeeYeeBo.vcxproj", "{16320B62-BF5A-4553-B553-E421C8343AB9}"
EndProject
Global
	GlobalSection(SolutionConfigurationPlatforms) = preSolution
		DebugGame Editor|HTML5 = DebugGame Editor|HTML5
		DebugGame Editor|Win32 = DebugGame Editor|Win32
		DebugGame Editor|Win64 = DebugGame Editor|Win64
		DebugGame|HTML5 = DebugGame|HTML5
		DebugGame|Win32 = DebugGame|Win32
		DebugGame|Win64 = DebugGame|Win64
		Development Editor|HTML5 = Development Editor|HTML5
		Development Editor|Win32 = Development Editor|Win32
		Development Editor|Win64 = Development Editor|Win64
		Development|HTML5 = Development|HTML5
		Development|Win32 = Development|Win32
		Development|Win64 = Development|Win64
		Shipping|HTML5 = Shipping|HTML5
		Shipping|Win32 = Shipping|Win32
		Shipping|Win64 = Shipping|Win64
	EndGlobalSection
	GlobalSection(ProjectConfigurationPlatforms) = postSolution
		{A8FEEB71-5236-4417-BF6F-BB3DD4CFD5D5}.DebugGame Editor|HTML5.ActiveCfg = BuiltWithUnrealBuildTool|Win32
		{A8FEEB71-5236-4417-BF6F-BB3DD4CFD5D5}.DebugGame Editor|HTML5.Build.0 = BuiltWithUnrealBuildTool|Win32
		{A8FEEB71-5236-4417-BF6F-BB3DD4CFD5D5}.DebugGame Editor|Win32.ActiveCfg = BuiltWithUnrealBuildTool|Win32
		{A8FEEB71-5236-4417-BF6F-BB3DD4CFD5D5}.DebugGame Editor|Win32.Build.0 = BuiltWithUnrealBuildTool|Win32
		{A8FEEB71-5236-4417-BF6F-BB3DD4CFD5D5}.DebugGame Editor|Win64.ActiveCfg = BuiltWithUnrealBuildTool|Win32
		{A8FEEB71-5236-4417-BF6F-BB3DD4CFD5D5}.DebugGame Editor|Win64.Build.0 = BuiltWithUnrealBuildTool|Win32
		{A8FEEB71-5236-4417-BF6F-BB3DD4CFD5D5}.DebugGame|HTML5.ActiveCfg = BuiltWithUnrealBuildTool|Win32
		{A8FEEB71-5236-4417-BF6F-BB3DD4CFD5D5}.DebugGame|HTML5.Build.0 = BuiltWithUnrealBuildTool|Win32
		{A8FEEB71-5236-4417-BF6F-BB3DD4CFD5D5}.DebugGame|Win32.ActiveCfg = BuiltWithUnrealBuildTool|Win32
		{A8FEEB71-5236-4417-BF6F-BB3DD4CFD5D5}.DebugGame|Win32.Build.0 = BuiltWithUnrealBuildTool|Win32
		{A8FEEB71-5236-4417-BF6F-BB3DD4CFD5D5}.DebugGame|Win64.ActiveCfg = BuiltWithUnrealBuildTool|Win32
		{A8FEEB71-5236-4417-BF6F-BB3DD4CFD5D5}.DebugGame|Win64.Build.0 = BuiltWithUnrealBuildTool|Win32
		{A8FEEB71-5236-4417-BF6F-BB3DD4CFD5D5}.Development Editor|HTML5.ActiveCfg = BuiltWithUnrealBuildTool|Win32
		{A8FEEB71-5236-4417-BF6F-BB3DD4CFD5D5}.Development Editor|HTML5.Build.0 = BuiltWithUnrealBuildTool|Win32
		{A8FEEB71-5236-4417-BF6F-BB3DD4CFD5D5}.Development Editor|Win32.ActiveCfg = BuiltWithUnrealBuildTool|Win32
		{A8FEEB71-5236-4417-BF6F-BB3DD4CFD5D5}.Development Editor|Win32.Build.0 = BuiltWithUnrealBuildTool|Win32
		{A8FEEB71-5236-4417-BF6F-BB3DD4CFD5D5}.Development Editor|Win64.ActiveCfg = BuiltWithUnrealBuildTool|Win32
		{A8FEEB71-5236-4417-BF6F-BB3DD4CFD5D5}.Development Editor|Win64.Build.0 = BuiltWithUnrealBuildTool|Win32
		{A8FEEB71-5236-4417-BF6F-BB3DD4CFD5D5}.Development|HTML5.ActiveCfg = BuiltWithUnrealBuildTool|Win32
		{A8FEEB71-5236-4417-BF6F-BB3DD4CFD5D5}.Development|HTML5.Build.0 = BuiltWithUnrealBuildTool|Win32
		{A8FEEB71-5236-4417-BF6F-BB3DD4CFD5D5}.Development|Win32.ActiveCfg = BuiltWithUnrealBuildTool|Win32
		{A8FEEB71-5236-4417-BF6F-BB3DD4CFD5D5}.Development|Win32.Build.0 = BuiltWithUnrealBuildTool|Win32
		{A8FEEB71-5236-4417-BF6F-BB3DD4CFD5D5}.Development|Win64.ActiveCfg = BuiltWithUnrealBuildTool|Win32
		{A8FEEB71-5236-4417-BF6F-BB3DD4CFD5D5}.Development|Win64.Build.0 = BuiltWithUnrealBuildTool|Win32
		{A8FEEB71-5236-4417-BF6F-BB3DD4CFD5D5}.Shipping|HTML5.ActiveCfg = BuiltWithUnrealBuildTool|Win32
		{A8FEEB71-5236-4417-BF6F-BB3DD4CFD5D5}.Shipping|HTML5.Build.0 = BuiltWithUnrealBuildTool|Win32
		{A8FEEB71-5236-4417-BF6F-BB3DD4CFD5D5}.Shipping|Win32.ActiveCfg = BuiltWithUnrealBuildTool|Win32
		{A8FEEB71-5236-4417-BF6F-BB3DD4CFD5D5}.Shipping|Win32.Build.0 = BuiltWithUnrealBuildTool|Win32
		{A8FEEB71-5236-4417-BF6F-BB3DD4CFD5D5}.Shipping|Win64.ActiveCfg = BuiltWithUnrealBuildTool|Win32
		{A8FEEB71-5236-4417-BF6F-BB3DD4CFD5D5}.Shipping|Win64.Build.0 = BuiltWithUnrealBuildTool|Win32
		{16320B62-BF5A-4553-B553-E421C8343AB9}.DebugGame Editor|HTML5.ActiveCfg = HTML5_DebugGame_Editor|Win32
		{16320B62-BF5A-4553-B553-E421C8343AB9}.DebugGame Editor|Win32.ActiveCfg = DebugGame_Editor|Win32
		{16320B62-BF5A-4553-B553-E421C8343AB9}.DebugGame Editor|Win64.ActiveCfg = DebugGame_Editor|x64
		{16320B62-BF5A-4553-B553-E421C8343AB9}.DebugGame Editor|Win64.Build.0 = DebugGame_Editor|x64
		{16320B62-BF5A-4553-B553-E421C8343AB9}.DebugGame|HTML5.ActiveCfg = HTML5_DebugGame_Game|Win32
		{16320B62-BF5A-4553-B553-E421C8343AB9}.DebugGame|HTML5.Build.0 = HTML5_DebugGame_Game|Win32
		{16320B62-BF5A-4553-B553-E421C8343AB9}.DebugGame|Win32.ActiveCfg = DebugGame_Game|Win32
		{16320B62-BF5A-4553-B553-E421C8343AB9}.DebugGame|Win32.Build.0 = DebugGame_Game|Win32
		{16320B62-BF5A-4553-B553-E421C8343AB9}.DebugGame|Win64.ActiveCfg = DebugGame_Game|x64
		{16320B62-BF5A-4553-B553-E421C8343AB9}.DebugGame|Win64.Build.0 = DebugGame_Game|x64
		{16320B62-BF5A-4553-B553-E421C8343AB9}.Development Editor|HTML5.ActiveCfg = HTML5_Development_Editor|Win32
		{16320B62-BF5A-4553-B553-E421C8343AB9}.Development Editor|Win32.ActiveCfg = Development_Editor|Win32
		{16320B62-BF5A-4553-B553-E421C8343AB9}.Development Editor|Win64.ActiveCfg = Development_Editor|x64
		{16320B62-BF5A-4553-B553-E421C8343AB9}.Development Editor|Win64.Build.0 = Development_Editor|x64
		{16320B62-BF5A-4553-B553-E421C8343AB9}.Development|HTML5.ActiveCfg = HTML5_Development_Game|Win32
		{16320B62-BF5A-4553-B553-E421C8343AB9}.Development|HTML5.Build.0 = HTML5_Development_Game|Win32
		{16320B62-BF5A-4553-B553-E421C8343AB9}.Development|Win32.ActiveCfg = Development_Game|Win32
		{16320B62-BF5A-4553-B553-E421C8343AB9}.Development|Win32.Build.0 = Development_Game|Win32
		{16320B62-BF5A-4553-B553-E421C8343AB9}.Development|Win64.ActiveCfg = Development_Game|x64
		{16320B62-BF5A-4553-B553-E421C8343AB9}.Development|Win64.Build.0 = Development_Game|x64
		{16320B62-BF5A-4553-B553-E421C8343AB9}.Shipping|HTML5.ActiveCfg = HTML5_Shipping_Game|Win32
		{16320B62-BF5A-4553-B553-E421C8343AB9}.Shipping|HTML5.Build.0 = HTML5_Shipping_Game|Win32
		{16320B62-BF5A-4553-B553-E421C8343AB9}.Shipping|Win32.ActiveCfg = Shipping_Game|Win32
		{16320B62-BF5A-4553-B553-E421C8343AB9}.Shipping|Win32.Build.0 = Shipping_Game|Win32
		{16320B62-BF5A-4553-B553-E421C8343AB9}.Shipping|Win64.ActiveCfg = Shipping_Game|x64
		{16320B62-BF5A-4553-B553-E421C8343AB9}.Shipping|Win64.Build.0 = Shipping_Game|x64
	EndGlobalSection
	GlobalSection(SolutionProperties) = preSolution
		HideSolutionNode = FALSE
	EndGlobalSection
	GlobalSection(NestedProjects) = preSolution
		{A8FEEB71-5236-4417-BF6F-BB3DD4CFD5D5} = {E84BD1E8-8B40-4883-9C44-DA35EC2ACD32}
		{16320B62-BF5A-4553-B553-E421C8343AB9} = {7E9B8CDF-7C02-4B73-BCDE-A190DFAA7AC8}
	EndGlobalSection
	GlobalSection(ExtensibilityGlobals) = postSolution
		SolutionGuid = {AEC36E7A-75E7-4719-B3C5-9A64D23F9730}
	EndGlobalSection
EndGlobal
